
Microsoft Visual Studio Solution File, Format Version 12.00
# Visual Studio Version 17
VisualStudioVersion = 17.7.34031.279
MinimumVisualStudioVersion = 10.0.40219.1
Project("{9A19103F-16F7-4668-BE54-9A1E7A4F7556}") = "POC_SpanOpenTelemetry.First", "POC_SpanOpenTelemetry.First\POC_SpanOpenTelemetry.First.csproj", "{72E65D36-9D22-4226-A680-EC2F409DDFD0}"
EndProject
Project("{9A19103F-16F7-4668-BE54-9A1E7A4F7556}") = "POC_SpanOpenTelemtry.Common", "POC_SpanOpenTelemtry.Common\POC_SpanOpenTelemtry.Common.csproj", "{D59265B0-AD1D-453C-B27D-38CD6E8BCFB4}"
EndProject
Project("{9A19103F-16F7-4668-BE54-9A1E7A4F7556}") = "POC_SpanOpenTelemetry.Third", "POC_SpanOpenTelemetry.Third\POC_SpanOpenTelemetry.Third.csproj", "{CFF02F3E-1EAE-4232-B8E6-D7713D4FA786}"
EndProject
Project("{FAE04EC0-301F-11D3-BF4B-00C04F79EFBC}") = "POC_SpanOpenTelemetry.Second", "POC_SpanOpenTelemetry.Second\POC_SpanOpenTelemetry.Second.csproj", "{1D7B6649-8A27-4E23-9239-0A830E6E3871}"
EndProject
Project("{FAE04EC0-301F-11D3-BF4B-00C04F79EFBC}") = "POC_SpanOpenTelemetry.Core", "POC_SpanOpenTelemetry.Core\POC_SpanOpenTelemetry.Core.csproj", "{ADE9E403-6CD8-4796-AC58-AFC76A3C7BDE}"
EndProject
Global
	GlobalSection(SolutionConfigurationPlatforms) = preSolution
		Debug|Any CPU = Debug|Any CPU
		Release|Any CPU = Release|Any CPU
	EndGlobalSection
	GlobalSection(ProjectConfigurationPlatforms) = postSolution
		{72E65D36-9D22-4226-A680-EC2F409DDFD0}.Debug|Any CPU.ActiveCfg = Debug|Any CPU
		{72E65D36-9D22-4226-A680-EC2F409DDFD0}.Debug|Any CPU.Build.0 = Debug|Any CPU
		{72E65D36-9D22-4226-A680-EC2F409DDFD0}.Release|Any CPU.ActiveCfg = Release|Any CPU
		{72E65D36-9D22-4226-A680-EC2F409DDFD0}.Release|Any CPU.Build.0 = Release|Any CPU
		{D59265B0-AD1D-453C-B27D-38CD6E8BCFB4}.Debug|Any CPU.ActiveCfg = Debug|Any CPU
		{D59265B0-AD1D-453C-B27D-38CD6E8BCFB4}.Debug|Any CPU.Build.0 = Debug|Any CPU
		{D59265B0-AD1D-453C-B27D-38CD6E8BCFB4}.Release|Any CPU.ActiveCfg = Release|Any CPU
		{D59265B0-AD1D-453C-B27D-38CD6E8BCFB4}.Release|Any CPU.Build.0 = Release|Any CPU
		{CFF02F3E-1EAE-4232-B8E6-D7713D4FA786}.Debug|Any CPU.ActiveCfg = Debug|Any CPU
		{CFF02F3E-1EAE-4232-B8E6-D7713D4FA786}.Debug|Any CPU.Build.0 = Debug|Any CPU
		{CFF02F3E-1EAE-4232-B8E6-D7713D4FA786}.Release|Any CPU.ActiveCfg = Release|Any CPU
		{CFF02F3E-1EAE-4232-B8E6-D7713D4FA786}.Release|Any CPU.Build.0 = Release|Any CPU
		{1D7B6649-8A27-4E23-9239-0A830E6E3871}.Debug|Any CPU.ActiveCfg = Debug|Any CPU
		{1D7B6649-8A27-4E23-9239-0A830E6E3871}.Debug|Any CPU.Build.0 = Debug|Any CPU
		{1D7B6649-8A27-4E23-9239-0A830E6E3871}.Release|Any CPU.ActiveCfg = Release|Any CPU
		{1D7B6649-8A27-4E23-9239-0A830E6E3871}.Release|Any CPU.Build.0 = Release|Any CPU
		{ADE9E403-6CD8-4796-AC58-AFC76A3C7BDE}.Debug|Any CPU.ActiveCfg = Debug|Any CPU
		{ADE9E403-6CD8-4796-AC58-AFC76A3C7BDE}.Debug|Any CPU.Build.0 = Debug|Any CPU
		{ADE9E403-6CD8-4796-AC58-AFC76A3C7BDE}.Release|Any CPU.ActiveCfg = Release|Any CPU
		{ADE9E403-6CD8-4796-AC58-AFC76A3C7BDE}.Release|Any CPU.Build.0 = Release|Any CPU
	EndGlobalSection
	GlobalSection(SolutionProperties) = preSolution
		HideSolutionNode = FALSE
	EndGlobalSection
	GlobalSection(ExtensibilityGlobals) = postSolution
		SolutionGuid = {78469939-4F56-43D8-A9E1-578D0ACB8B62}
	EndGlobalSection
EndGlobal
